
Microsoft Visual Studio Solution File, Format Version 12.00
# Visual Studio 15
VisualStudioVersion = 15.0.28307.168
MinimumVisualStudioVersion = 10.0.40219.1
Project("{FAE04EC0-301F-11D3-BF4B-00C04F79EFBC}") = "WebApplication3", "WebApplication3\WebApplication3.csproj", "{45402825-300C-4515-B7EB-25BD4C0BF623}"
EndProject
Global
	GlobalSection(SolutionConfigurationPlatforms) = preSolution
		Debug|Any CPU = Debug|Any CPU
		Release|Any CPU = Release|Any CPU
	EndGlobalSection
	GlobalSection(ProjectConfigurationPlatforms) = postSolution
		{45402825-300C-4515-B7EB-25BD4C0BF623}.Debug|Any CPU.ActiveCfg = Debug|Any CPU
		{45402825-300C-4515-B7EB-25BD4C0BF623}.Debug|Any CPU.Build.0 = Debug|Any CPU
		{45402825-300C-4515-B7EB-25BD4C0BF623}.Release|Any CPU.ActiveCfg = Release|Any CPU
		{45402825-300C-4515-B7EB-25BD4C0BF623}.Release|Any CPU.Build.0 = Release|Any CPU
	EndGlobalSection
	GlobalSection(SolutionProperties) = preSolution
		HideSolutionNode = FALSE
	EndGlobalSection
	GlobalSection(ExtensibilityGlobals) = postSolution
		SolutionGuid = {E1E28760-0DC0-4E03-9A07-B3E1617DB468}
	EndGlobalSection
EndGlobal
